{
  "name": "weather_app_2",
  "lockfileVersion": 3,
  "requires": true,
  "packages": {
    "": {
      "dependencies": {
        "react-native-dotenv": "^3.4.9"
      }
    },
    "node_modules/dotenv": {
      "version": "16.3.1",
      "resolved": "https://registry.npmjs.org/dotenv/-/dotenv-16.3.1.tgz",
      "integrity": "sha512-IPzF4w4/Rd94bA9imS68tZBaYyBWSCE47V1RGuMrB94iyTOIEwRmVL2x/4An+6mETpLrKJ5hQkB8W4kFAadeIQ==",
      "engines": {
        "node": ">=12"
      },
      "funding": {
        "url": "https://github.com/motdotla/dotenv?sponsor=1"
      }
    },
    "node_modules/react-native-dotenv": {
      "version": "3.4.9",
      "resolved": "https://registry.npmjs.org/react-native-dotenv/-/react-native-dotenv-3.4.9.tgz",
      "integrity": "sha512-dbyd+mcy7SUzxEgmt33TRf1FGcNe6swJhXmB0unKkI49F7+pidog9kPtjxMLTAfmKA8gcN2XHQSKltGfGbGCLQ==",
      "dependencies": {
        "dotenv": "^16.3.1"
      },
      "peerDependencies": {
        "@babel/runtime": "^7.20.6"
      }
    }
  }
}
